
Microsoft Visual Studio Solution File, Format Version 12.00
# Visual Studio Version 17
VisualStudioVersion = 17.1.32319.34
MinimumVisualStudioVersion = 10.0.40219.1
Project("{2150E333-8FDC-42A3-9474-1A3956D46DE8}") = "Solution Items", "Solution Items", "{685ACA5F-D861-4B26-8E32-4E6E89B90417}"
	ProjectSection(SolutionItems) = preProject
		.editorconfig = .editorconfig
		README.md = README.md
	EndProjectSection
EndProject
Project("{9A19103F-16F7-4668-BE54-9A1E7A4F7556}") = "12DayOfChristmas", "12DayOfChristmas.csproj", "{6430D828-99B7-4A93-9C1F-6C95D7B590A6}"
EndProject
Project("{9A19103F-16F7-4668-BE54-9A1E7A4F7556}") = "12DayOfChristmas.Tests", "Tests\12DayOfChristmas.Tests.csproj", "{00A67E67-9696-46EA-9874-C210B5C870C2}"
EndProject
Global
	GlobalSection(SolutionConfigurationPlatforms) = preSolution
		Debug|Any CPU = Debug|Any CPU
		Release|Any CPU = Release|Any CPU
	EndGlobalSection
	GlobalSection(ProjectConfigurationPlatforms) = postSolution
		{6430D828-99B7-4A93-9C1F-6C95D7B590A6}.Debug|Any CPU.ActiveCfg = Debug|Any CPU
		{6430D828-99B7-4A93-9C1F-6C95D7B590A6}.Debug|Any CPU.Build.0 = Debug|Any CPU
		{6430D828-99B7-4A93-9C1F-6C95D7B590A6}.Release|Any CPU.ActiveCfg = Release|Any CPU
		{6430D828-99B7-4A93-9C1F-6C95D7B590A6}.Release|Any CPU.Build.0 = Release|Any CPU
		{00A67E67-9696-46EA-9874-C210B5C870C2}.Debug|Any CPU.ActiveCfg = Debug|Any CPU
		{00A67E67-9696-46EA-9874-C210B5C870C2}.Debug|Any CPU.Build.0 = Debug|Any CPU
		{00A67E67-9696-46EA-9874-C210B5C870C2}.Release|Any CPU.ActiveCfg = Release|Any CPU
		{00A67E67-9696-46EA-9874-C210B5C870C2}.Release|Any CPU.Build.0 = Release|Any CPU
	EndGlobalSection
	GlobalSection(SolutionProperties) = preSolution
		HideSolutionNode = FALSE
	EndGlobalSection
	GlobalSection(ExtensibilityGlobals) = postSolution
		SolutionGuid = {67CF257C-98B2-43F1-B84C-B49E1C39FB0E}
	EndGlobalSection
EndGlobal
